
Microsoft Visual Studio Solution File, Format Version 12.00
# Visual Studio Version 16
VisualStudioVersion = 16.0.29503.13
MinimumVisualStudioVersion = 10.0.40219.1
Project("{9092AA53-FB77-4645-B42D-1CCCA6BD08BD}") = "Minions.Core", "src\Minions.Core\Minions.Core.njsproj", "{53F92938-F231-4EF2-A1DA-7FE3183D3674}"
EndProject
Project("{9092AA53-FB77-4645-B42D-1CCCA6BD08BD}") = "BlasterV2", "src\BlasterV2\BlasterV2.njsproj", "{866FA935-B742-43E3-96E5-F82AFCAACEF8}"
EndProject
Project("{2150E333-8FDC-42A3-9474-1A3956D46DE8}") = "Hosts", "Hosts", "{30E9727E-B2C8-4A29-BFCC-CE82823389F1}"
EndProject
Project("{2150E333-8FDC-42A3-9474-1A3956D46DE8}") = "Core", "Core", "{F82FC5DC-6F76-4AA9-8D55-4699F02D6D79}"
EndProject
Project("{9092AA53-FB77-4645-B42D-1CCCA6BD08BD}") = "Minions.Core.Test", "src\Minions.Core.Test\Minions.Core.Test.njsproj", "{15857E3B-7C40-4351-91A8-EF377ADB113F}"
EndProject
Project("{2150E333-8FDC-42A3-9474-1A3956D46DE8}") = "Extension", "Extension", "{C260EF60-89B8-4C67-AFAA-E37F43D0562F}"
EndProject
Project("{9092AA53-FB77-4645-B42D-1CCCA6BD08BD}") = "Minions.Extension.React", "src\Minions.Extension.React\Minions.Extension.React.njsproj", "{4CA1B9DE-C6A6-4D4B-B094-D0A59F7DB29B}"
EndProject
Global
	GlobalSection(SolutionConfigurationPlatforms) = preSolution
		Debug|Any CPU = Debug|Any CPU
		Release|Any CPU = Release|Any CPU
	EndGlobalSection
	GlobalSection(ProjectConfigurationPlatforms) = postSolution
		{53F92938-F231-4EF2-A1DA-7FE3183D3674}.Debug|Any CPU.ActiveCfg = Debug|Any CPU
		{53F92938-F231-4EF2-A1DA-7FE3183D3674}.Debug|Any CPU.Build.0 = Debug|Any CPU
		{53F92938-F231-4EF2-A1DA-7FE3183D3674}.Release|Any CPU.ActiveCfg = Release|Any CPU
		{53F92938-F231-4EF2-A1DA-7FE3183D3674}.Release|Any CPU.Build.0 = Release|Any CPU
		{866FA935-B742-43E3-96E5-F82AFCAACEF8}.Debug|Any CPU.ActiveCfg = Debug|Any CPU
		{866FA935-B742-43E3-96E5-F82AFCAACEF8}.Debug|Any CPU.Build.0 = Debug|Any CPU
		{866FA935-B742-43E3-96E5-F82AFCAACEF8}.Release|Any CPU.ActiveCfg = Release|Any CPU
		{866FA935-B742-43E3-96E5-F82AFCAACEF8}.Release|Any CPU.Build.0 = Release|Any CPU
		{15857E3B-7C40-4351-91A8-EF377ADB113F}.Debug|Any CPU.ActiveCfg = Debug|Any CPU
		{15857E3B-7C40-4351-91A8-EF377ADB113F}.Debug|Any CPU.Build.0 = Debug|Any CPU
		{15857E3B-7C40-4351-91A8-EF377ADB113F}.Release|Any CPU.ActiveCfg = Release|Any CPU
		{15857E3B-7C40-4351-91A8-EF377ADB113F}.Release|Any CPU.Build.0 = Release|Any CPU
		{4CA1B9DE-C6A6-4D4B-B094-D0A59F7DB29B}.Debug|Any CPU.ActiveCfg = Debug|Any CPU
		{4CA1B9DE-C6A6-4D4B-B094-D0A59F7DB29B}.Debug|Any CPU.Build.0 = Debug|Any CPU
		{4CA1B9DE-C6A6-4D4B-B094-D0A59F7DB29B}.Release|Any CPU.ActiveCfg = Release|Any CPU
		{4CA1B9DE-C6A6-4D4B-B094-D0A59F7DB29B}.Release|Any CPU.Build.0 = Release|Any CPU
	EndGlobalSection
	GlobalSection(SolutionProperties) = preSolution
		HideSolutionNode = FALSE
	EndGlobalSection
	GlobalSection(NestedProjects) = preSolution
		{53F92938-F231-4EF2-A1DA-7FE3183D3674} = {F82FC5DC-6F76-4AA9-8D55-4699F02D6D79}
		{866FA935-B742-43E3-96E5-F82AFCAACEF8} = {30E9727E-B2C8-4A29-BFCC-CE82823389F1}
		{15857E3B-7C40-4351-91A8-EF377ADB113F} = {F82FC5DC-6F76-4AA9-8D55-4699F02D6D79}
		{4CA1B9DE-C6A6-4D4B-B094-D0A59F7DB29B} = {C260EF60-89B8-4C67-AFAA-E37F43D0562F}
	EndGlobalSection
	GlobalSection(ExtensibilityGlobals) = postSolution
		SolutionGuid = {86BEED0F-75DF-4810-99B7-03122D359B70}
	EndGlobalSection
EndGlobal
