
Microsoft Visual Studio Solution File, Format Version 12.00
# Visual Studio Version 16
VisualStudioVersion = 16.0.29503.13
MinimumVisualStudioVersion = 10.0.40219.1
Project("{9092AA53-FB77-4645-B42D-1CCCA6BD08BD}") = "Minions.Core", "src\Minions.Core\Minions.Core.njsproj", "{53F92938-F231-4EF2-A1DA-7FE3183D3674}"
EndProject
Project("{9092AA53-FB77-4645-B42D-1CCCA6BD08BD}") = "BlasterV2", "src\BlasterV2\BlasterV2.njsproj", "{866FA935-B742-43E3-96E5-F82AFCAACEF8}"
EndProject
Project("{2150E333-8FDC-42A3-9474-1A3956D46DE8}") = "Hosts", "Hosts", "{30E9727E-B2C8-4A29-BFCC-CE82823389F1}"
EndProject
Project("{2150E333-8FDC-42A3-9474-1A3956D46DE8}") = "Core", "Core", "{F82FC5DC-6F76-4AA9-8D55-4699F02D6D79}"
EndProject
Project("{9092AA53-FB77-4645-B42D-1CCCA6BD08BD}") = "Minions.Core.Test", "src\Minions.Core.Test\Minions.Core.Test.njsproj", "{15857E3B-7C40-4351-91A8-EF377ADB113F}"
EndProject
Project("{2150E333-8FDC-42A3-9474-1A3956D46DE8}") = "Core.Extensions", "Core.Extensions", "{C260EF60-89B8-4C67-AFAA-E37F43D0562F}"
EndProject
Project("{9092AA53-FB77-4645-B42D-1CCCA6BD08BD}") = "Minions.Extension.React", "src\Minions.Extension.React\Minions.Extension.React.njsproj", "{4CA1B9DE-C6A6-4D4B-B094-D0A59F7DB29B}"
EndProject
Project("{9092AA53-FB77-4645-B42D-1CCCA6BD08BD}") = "BlasterV2.Test", "src\BlasterV2.Test\BlasterV2.Test.njsproj", "{8E3F1C6E-DE1A-4F32-A414-B7921D93E767}"
EndProject
Project("{2150E333-8FDC-42A3-9474-1A3956D46DE8}") = "Core.Plugins", "Core.Plugins", "{8B8B5567-B673-486A-8F74-03623B0B1442}"
EndProject
Project("{9092AA53-FB77-4645-B42D-1CCCA6BD08BD}") = "Minions.Plugins.Kafka", "src\Minions.Plugins.Kafka\Minions.Plugins.Kafka.njsproj", "{670D7B0F-C3C0-4D8E-BDE1-D4AE43ACC045}"
EndProject
Project("{9092AA53-FB77-4645-B42D-1CCCA6BD08BD}") = "Minions.Plugins.OpenTelemetry", "src\Minions.Plugins.OpenTelemetry\Minions.Plugins.OpenTelemetry.njsproj", "{479D0761-B07E-4186-A820-EB57610FEFC5}"
EndProject
Project("{9092AA53-FB77-4645-B42D-1CCCA6BD08BD}") = "Minions.Plugins.Kafka.Test", "src\Minons.Plugins.Kafka.Test\Minions.Plugins.Kafka.Test.njsproj", "{F4B6D4B4-B8EF-45B7-811B-250941B6A5B6}"
EndProject
Project("{2150E333-8FDC-42A3-9474-1A3956D46DE8}") = "Domain.Infrastructure", "Domain.Infrastructure", "{A62640F9-CA6C-4E77-AD0A-2F3DCA7337D5}"
EndProject
Project("{2150E333-8FDC-42A3-9474-1A3956D46DE8}") = "Domain", "Domain", "{B1727C91-EDF1-454E-8C0F-CC7C4DBCF535}"
EndProject
Project("{9A19103F-16F7-4668-BE54-9A1E7A4F7556}") = "KafkaToSignalrRelay.Domain", "src\KafkaToSignalrRelay.Domain\KafkaToSignalrRelay.Domain.csproj", "{46981B47-ABF4-42CA-99E1-60C859471019}"
EndProject
Project("{9A19103F-16F7-4668-BE54-9A1E7A4F7556}") = "KafkaToSignalrRelay.KafkaClient", "src\KafkaToSignalrRelay.KafkaClient\KafkaToSignalrRelay.KafkaClient.csproj", "{1BD2FDB8-6CD6-448D-8F6B-88EB0AC84760}"
EndProject
Project("{9A19103F-16F7-4668-BE54-9A1E7A4F7556}") = "KafkaToSignalrRelay.RestApi", "src\KafkaToSignalrRelay.RestApi\KafkaToSignalrRelay.RestApi.csproj", "{065CDD33-F2EF-43E2-9A72-C437E2AD8A88}"
EndProject
Project("{9A19103F-16F7-4668-BE54-9A1E7A4F7556}") = "KafkaToSignalrRelay.SignalrHub", "src\KafkaToSignalrRelay.SignalrHub\KafkaToSignalrRelay.SignalrHub.csproj", "{3FB51AB5-08D1-47D9-8C14-8D21F3EEB645}"
EndProject
Project("{9A19103F-16F7-4668-BE54-9A1E7A4F7556}") = "KafkaToSignalrRelay", "src\KafkaToSignalrRelay\KafkaToSignalrRelay.csproj", "{901AABA3-174F-43B8-B2AB-4CDFC651BAA2}"
EndProject
Project("{9A19103F-16F7-4668-BE54-9A1E7A4F7556}") = "KafkaToSignalrRelay.IntegrationTests", "src\KafkaToSignalrRelay.IntegrationTests\KafkaToSignalrRelay.IntegrationTests.csproj", "{F807E9FA-D811-4124-BCA8-ABDA1553851A}"
EndProject
Project("{2150E333-8FDC-42A3-9474-1A3956D46DE8}") = "Solution Items", "Solution Items", "{33CCFECA-4AD6-4D94-9D76-33FC7AE8F232}"
	ProjectSection(SolutionItems) = preProject
		LICENSE = LICENSE
		README.md = README.md
	EndProjectSection
EndProject
Project("{2150E333-8FDC-42A3-9474-1A3956D46DE8}") = "local-development", "local-development", "{123C25B8-5A22-4770-A922-4F2D2456CB2A}"
	ProjectSection(SolutionItems) = preProject
		local-development\event-interactions.rest = local-development\event-interactions.rest
		local-development\watch-run.ps1 = local-development\watch-run.ps1
		local-development\watch-run.sh = local-development\watch-run.sh
	EndProjectSection
EndProject
Global
	GlobalSection(SolutionConfigurationPlatforms) = preSolution
		Debug|Any CPU = Debug|Any CPU
		Release|Any CPU = Release|Any CPU
	EndGlobalSection
	GlobalSection(ProjectConfigurationPlatforms) = postSolution
		{53F92938-F231-4EF2-A1DA-7FE3183D3674}.Debug|Any CPU.ActiveCfg = Debug|Any CPU
		{53F92938-F231-4EF2-A1DA-7FE3183D3674}.Debug|Any CPU.Build.0 = Debug|Any CPU
		{53F92938-F231-4EF2-A1DA-7FE3183D3674}.Release|Any CPU.ActiveCfg = Release|Any CPU
		{53F92938-F231-4EF2-A1DA-7FE3183D3674}.Release|Any CPU.Build.0 = Release|Any CPU
		{866FA935-B742-43E3-96E5-F82AFCAACEF8}.Debug|Any CPU.ActiveCfg = Debug|Any CPU
		{866FA935-B742-43E3-96E5-F82AFCAACEF8}.Debug|Any CPU.Build.0 = Debug|Any CPU
		{866FA935-B742-43E3-96E5-F82AFCAACEF8}.Release|Any CPU.ActiveCfg = Release|Any CPU
		{866FA935-B742-43E3-96E5-F82AFCAACEF8}.Release|Any CPU.Build.0 = Release|Any CPU
		{15857E3B-7C40-4351-91A8-EF377ADB113F}.Debug|Any CPU.ActiveCfg = Debug|Any CPU
		{15857E3B-7C40-4351-91A8-EF377ADB113F}.Debug|Any CPU.Build.0 = Debug|Any CPU
		{15857E3B-7C40-4351-91A8-EF377ADB113F}.Release|Any CPU.ActiveCfg = Release|Any CPU
		{15857E3B-7C40-4351-91A8-EF377ADB113F}.Release|Any CPU.Build.0 = Release|Any CPU
		{4CA1B9DE-C6A6-4D4B-B094-D0A59F7DB29B}.Debug|Any CPU.ActiveCfg = Debug|Any CPU
		{4CA1B9DE-C6A6-4D4B-B094-D0A59F7DB29B}.Debug|Any CPU.Build.0 = Debug|Any CPU
		{4CA1B9DE-C6A6-4D4B-B094-D0A59F7DB29B}.Release|Any CPU.ActiveCfg = Release|Any CPU
		{4CA1B9DE-C6A6-4D4B-B094-D0A59F7DB29B}.Release|Any CPU.Build.0 = Release|Any CPU
		{8E3F1C6E-DE1A-4F32-A414-B7921D93E767}.Debug|Any CPU.ActiveCfg = Debug|Any CPU
		{8E3F1C6E-DE1A-4F32-A414-B7921D93E767}.Debug|Any CPU.Build.0 = Debug|Any CPU
		{8E3F1C6E-DE1A-4F32-A414-B7921D93E767}.Release|Any CPU.ActiveCfg = Release|Any CPU
		{8E3F1C6E-DE1A-4F32-A414-B7921D93E767}.Release|Any CPU.Build.0 = Release|Any CPU
		{670D7B0F-C3C0-4D8E-BDE1-D4AE43ACC045}.Debug|Any CPU.ActiveCfg = Debug|Any CPU
		{670D7B0F-C3C0-4D8E-BDE1-D4AE43ACC045}.Debug|Any CPU.Build.0 = Debug|Any CPU
		{670D7B0F-C3C0-4D8E-BDE1-D4AE43ACC045}.Release|Any CPU.ActiveCfg = Release|Any CPU
		{670D7B0F-C3C0-4D8E-BDE1-D4AE43ACC045}.Release|Any CPU.Build.0 = Release|Any CPU
		{479D0761-B07E-4186-A820-EB57610FEFC5}.Debug|Any CPU.ActiveCfg = Debug|Any CPU
		{479D0761-B07E-4186-A820-EB57610FEFC5}.Debug|Any CPU.Build.0 = Debug|Any CPU
		{479D0761-B07E-4186-A820-EB57610FEFC5}.Release|Any CPU.ActiveCfg = Release|Any CPU
		{479D0761-B07E-4186-A820-EB57610FEFC5}.Release|Any CPU.Build.0 = Release|Any CPU
		{F4B6D4B4-B8EF-45B7-811B-250941B6A5B6}.Debug|Any CPU.ActiveCfg = Debug|Any CPU
		{F4B6D4B4-B8EF-45B7-811B-250941B6A5B6}.Debug|Any CPU.Build.0 = Debug|Any CPU
		{F4B6D4B4-B8EF-45B7-811B-250941B6A5B6}.Release|Any CPU.ActiveCfg = Release|Any CPU
		{F4B6D4B4-B8EF-45B7-811B-250941B6A5B6}.Release|Any CPU.Build.0 = Release|Any CPU
		{46981B47-ABF4-42CA-99E1-60C859471019}.Debug|Any CPU.ActiveCfg = Debug|Any CPU
		{46981B47-ABF4-42CA-99E1-60C859471019}.Debug|Any CPU.Build.0 = Debug|Any CPU
		{46981B47-ABF4-42CA-99E1-60C859471019}.Release|Any CPU.ActiveCfg = Release|Any CPU
		{46981B47-ABF4-42CA-99E1-60C859471019}.Release|Any CPU.Build.0 = Release|Any CPU
		{1BD2FDB8-6CD6-448D-8F6B-88EB0AC84760}.Debug|Any CPU.ActiveCfg = Debug|Any CPU
		{1BD2FDB8-6CD6-448D-8F6B-88EB0AC84760}.Debug|Any CPU.Build.0 = Debug|Any CPU
		{1BD2FDB8-6CD6-448D-8F6B-88EB0AC84760}.Release|Any CPU.ActiveCfg = Release|Any CPU
		{1BD2FDB8-6CD6-448D-8F6B-88EB0AC84760}.Release|Any CPU.Build.0 = Release|Any CPU
		{065CDD33-F2EF-43E2-9A72-C437E2AD8A88}.Debug|Any CPU.ActiveCfg = Debug|Any CPU
		{065CDD33-F2EF-43E2-9A72-C437E2AD8A88}.Debug|Any CPU.Build.0 = Debug|Any CPU
		{065CDD33-F2EF-43E2-9A72-C437E2AD8A88}.Release|Any CPU.ActiveCfg = Release|Any CPU
		{065CDD33-F2EF-43E2-9A72-C437E2AD8A88}.Release|Any CPU.Build.0 = Release|Any CPU
		{3FB51AB5-08D1-47D9-8C14-8D21F3EEB645}.Debug|Any CPU.ActiveCfg = Debug|Any CPU
		{3FB51AB5-08D1-47D9-8C14-8D21F3EEB645}.Debug|Any CPU.Build.0 = Debug|Any CPU
		{3FB51AB5-08D1-47D9-8C14-8D21F3EEB645}.Release|Any CPU.ActiveCfg = Release|Any CPU
		{3FB51AB5-08D1-47D9-8C14-8D21F3EEB645}.Release|Any CPU.Build.0 = Release|Any CPU
		{901AABA3-174F-43B8-B2AB-4CDFC651BAA2}.Debug|Any CPU.ActiveCfg = Debug|Any CPU
		{901AABA3-174F-43B8-B2AB-4CDFC651BAA2}.Debug|Any CPU.Build.0 = Debug|Any CPU
		{901AABA3-174F-43B8-B2AB-4CDFC651BAA2}.Release|Any CPU.ActiveCfg = Release|Any CPU
		{901AABA3-174F-43B8-B2AB-4CDFC651BAA2}.Release|Any CPU.Build.0 = Release|Any CPU
		{F807E9FA-D811-4124-BCA8-ABDA1553851A}.Debug|Any CPU.ActiveCfg = Debug|Any CPU
		{F807E9FA-D811-4124-BCA8-ABDA1553851A}.Debug|Any CPU.Build.0 = Debug|Any CPU
		{F807E9FA-D811-4124-BCA8-ABDA1553851A}.Release|Any CPU.ActiveCfg = Release|Any CPU
		{F807E9FA-D811-4124-BCA8-ABDA1553851A}.Release|Any CPU.Build.0 = Release|Any CPU
	EndGlobalSection
	GlobalSection(SolutionProperties) = preSolution
		HideSolutionNode = FALSE
	EndGlobalSection
	GlobalSection(NestedProjects) = preSolution
		{53F92938-F231-4EF2-A1DA-7FE3183D3674} = {F82FC5DC-6F76-4AA9-8D55-4699F02D6D79}
		{866FA935-B742-43E3-96E5-F82AFCAACEF8} = {30E9727E-B2C8-4A29-BFCC-CE82823389F1}
		{15857E3B-7C40-4351-91A8-EF377ADB113F} = {F82FC5DC-6F76-4AA9-8D55-4699F02D6D79}
		{4CA1B9DE-C6A6-4D4B-B094-D0A59F7DB29B} = {C260EF60-89B8-4C67-AFAA-E37F43D0562F}
		{8E3F1C6E-DE1A-4F32-A414-B7921D93E767} = {30E9727E-B2C8-4A29-BFCC-CE82823389F1}
		{670D7B0F-C3C0-4D8E-BDE1-D4AE43ACC045} = {8B8B5567-B673-486A-8F74-03623B0B1442}
		{479D0761-B07E-4186-A820-EB57610FEFC5} = {8B8B5567-B673-486A-8F74-03623B0B1442}
		{F4B6D4B4-B8EF-45B7-811B-250941B6A5B6} = {8B8B5567-B673-486A-8F74-03623B0B1442}
		{46981B47-ABF4-42CA-99E1-60C859471019} = {B1727C91-EDF1-454E-8C0F-CC7C4DBCF535}
		{1BD2FDB8-6CD6-448D-8F6B-88EB0AC84760} = {A62640F9-CA6C-4E77-AD0A-2F3DCA7337D5}
		{065CDD33-F2EF-43E2-9A72-C437E2AD8A88} = {A62640F9-CA6C-4E77-AD0A-2F3DCA7337D5}
		{3FB51AB5-08D1-47D9-8C14-8D21F3EEB645} = {A62640F9-CA6C-4E77-AD0A-2F3DCA7337D5}
		{901AABA3-174F-43B8-B2AB-4CDFC651BAA2} = {30E9727E-B2C8-4A29-BFCC-CE82823389F1}
		{F807E9FA-D811-4124-BCA8-ABDA1553851A} = {30E9727E-B2C8-4A29-BFCC-CE82823389F1}
		{123C25B8-5A22-4770-A922-4F2D2456CB2A} = {33CCFECA-4AD6-4D94-9D76-33FC7AE8F232}
	EndGlobalSection
	GlobalSection(ExtensibilityGlobals) = postSolution
		SolutionGuid = {86BEED0F-75DF-4810-99B7-03122D359B70}
	EndGlobalSection
EndGlobal
