
Microsoft Visual Studio Solution File, Format Version 12.00
# Visual Studio Version 16
VisualStudioVersion = 16.0.29806.167
MinimumVisualStudioVersion = 10.0.40219.1
Project("{2150E333-8FDC-42A3-9474-1A3956D46DE8}") = "Infrastructure", "Infrastructure", "{42815DD2-8293-48E9-9F28-D61C3D563C6A}"
EndProject
Project("{2150E333-8FDC-42A3-9474-1A3956D46DE8}") = "Tests", "Tests", "{42815DD2-8293-48E9-9F28-D175407086AB}"
EndProject
Project("{9A19103F-16F7-4668-BE54-9A1E7A4F7556}") = "KafkaToSignalrRelay", "src\KafkaToSignalrRelay\KafkaToSignalrRelay.csproj", "{F647C383-E5D3-4099-A4C0-DF503C4949B3}"
EndProject
Project("{9A19103F-16F7-4668-BE54-9A1E7A4F7556}") = "KafkaToSignalrRelay.KafkaClient", "src\Infrastructure\KafkaToSignalrRelay.KafkaClient\KafkaToSignalrRelay.KafkaClient.csproj", "{8597559B-4F03-43F3-9F84-5EB3F366CED3}"
EndProject
Project("{9A19103F-16F7-4668-BE54-9A1E7A4F7556}") = "KafkaToSignalrRelay.RestApi", "src\Infrastructure\KafkaToSignalrRelay.RestApi\KafkaToSignalrRelay.RestApi.csproj", "{D47556BE-81DC-44B6-A23B-5E2869F7D9D7}"
EndProject
Project("{9A19103F-16F7-4668-BE54-9A1E7A4F7556}") = "KafkaToSignalrRelay.SignalrHub", "src\Infrastructure\KafkaToSignalrRelay.SignalrHub\KafkaToSignalrRelay.SignalrHub.csproj", "{99E34C23-9B3E-4921-8FB3-D89EB6F63EDE}"
EndProject
Project("{9A19103F-16F7-4668-BE54-9A1E7A4F7556}") = "KafkaToSignalrRelay.IntegrationTests", "src\Tests\KafkaToSignalrRelay.IntegrationTests\KafkaToSignalrRelay.IntegrationTests.csproj", "{5050F680-BE83-4B96-93E5-1A85B608DFFD}"
EndProject
Project("{9A19103F-16F7-4668-BE54-9A1E7A4F7556}") = "KafkaToSignalrRelay.Domain", "src\KafkaToSignalrRelay.Domain\KafkaToSignalrRelay.Domain.csproj", "{9ACCD7CA-D1A7-4817-AA7D-24FFBE0034E2}"
EndProject
Project("{2150E333-8FDC-42A3-9474-1A3956D46DE8}") = "Solution Items", "Solution Items", "{B56D0949-D3FC-4F3B-A2DC-F9F0CA66A961}"
	ProjectSection(SolutionItems) = preProject
		README.md = README.md
	EndProjectSection
EndProject
Global
	GlobalSection(SolutionConfigurationPlatforms) = preSolution
		Debug|Any CPU = Debug|Any CPU
		Release|Any CPU = Release|Any CPU
	EndGlobalSection
	GlobalSection(ProjectConfigurationPlatforms) = postSolution
		{F647C383-E5D3-4099-A4C0-DF503C4949B3}.Debug|Any CPU.ActiveCfg = Debug|Any CPU
		{F647C383-E5D3-4099-A4C0-DF503C4949B3}.Debug|Any CPU.Build.0 = Debug|Any CPU
		{F647C383-E5D3-4099-A4C0-DF503C4949B3}.Release|Any CPU.ActiveCfg = Release|Any CPU
		{F647C383-E5D3-4099-A4C0-DF503C4949B3}.Release|Any CPU.Build.0 = Release|Any CPU
		{8597559B-4F03-43F3-9F84-5EB3F366CED3}.Debug|Any CPU.ActiveCfg = Debug|Any CPU
		{8597559B-4F03-43F3-9F84-5EB3F366CED3}.Debug|Any CPU.Build.0 = Debug|Any CPU
		{8597559B-4F03-43F3-9F84-5EB3F366CED3}.Release|Any CPU.ActiveCfg = Release|Any CPU
		{8597559B-4F03-43F3-9F84-5EB3F366CED3}.Release|Any CPU.Build.0 = Release|Any CPU
		{D47556BE-81DC-44B6-A23B-5E2869F7D9D7}.Debug|Any CPU.ActiveCfg = Debug|Any CPU
		{D47556BE-81DC-44B6-A23B-5E2869F7D9D7}.Debug|Any CPU.Build.0 = Debug|Any CPU
		{D47556BE-81DC-44B6-A23B-5E2869F7D9D7}.Release|Any CPU.ActiveCfg = Release|Any CPU
		{D47556BE-81DC-44B6-A23B-5E2869F7D9D7}.Release|Any CPU.Build.0 = Release|Any CPU
		{99E34C23-9B3E-4921-8FB3-D89EB6F63EDE}.Debug|Any CPU.ActiveCfg = Debug|Any CPU
		{99E34C23-9B3E-4921-8FB3-D89EB6F63EDE}.Debug|Any CPU.Build.0 = Debug|Any CPU
		{99E34C23-9B3E-4921-8FB3-D89EB6F63EDE}.Release|Any CPU.ActiveCfg = Release|Any CPU
		{99E34C23-9B3E-4921-8FB3-D89EB6F63EDE}.Release|Any CPU.Build.0 = Release|Any CPU
		{5050F680-BE83-4B96-93E5-1A85B608DFFD}.Debug|Any CPU.ActiveCfg = Debug|Any CPU
		{5050F680-BE83-4B96-93E5-1A85B608DFFD}.Debug|Any CPU.Build.0 = Debug|Any CPU
		{5050F680-BE83-4B96-93E5-1A85B608DFFD}.Release|Any CPU.ActiveCfg = Release|Any CPU
		{5050F680-BE83-4B96-93E5-1A85B608DFFD}.Release|Any CPU.Build.0 = Release|Any CPU
		{9ACCD7CA-D1A7-4817-AA7D-24FFBE0034E2}.Debug|Any CPU.ActiveCfg = Debug|Any CPU
		{9ACCD7CA-D1A7-4817-AA7D-24FFBE0034E2}.Debug|Any CPU.Build.0 = Debug|Any CPU
		{9ACCD7CA-D1A7-4817-AA7D-24FFBE0034E2}.Release|Any CPU.ActiveCfg = Release|Any CPU
		{9ACCD7CA-D1A7-4817-AA7D-24FFBE0034E2}.Release|Any CPU.Build.0 = Release|Any CPU
	EndGlobalSection
	GlobalSection(SolutionProperties) = preSolution
		HideSolutionNode = FALSE
	EndGlobalSection
	GlobalSection(NestedProjects) = preSolution
		{8597559B-4F03-43F3-9F84-5EB3F366CED3} = {42815DD2-8293-48E9-9F28-D61C3D563C6A}
		{D47556BE-81DC-44B6-A23B-5E2869F7D9D7} = {42815DD2-8293-48E9-9F28-D61C3D563C6A}
		{99E34C23-9B3E-4921-8FB3-D89EB6F63EDE} = {42815DD2-8293-48E9-9F28-D61C3D563C6A}
		{5050F680-BE83-4B96-93E5-1A85B608DFFD} = {42815DD2-8293-48E9-9F28-D175407086AB}
	EndGlobalSection
	GlobalSection(ExtensibilityGlobals) = postSolution
		SolutionGuid = {95142DAE-4292-4214-9AA9-27AB5C17E658}
	EndGlobalSection
EndGlobal
